version = 1
revision = 3
requires-python = ">=3.13"

[[package]]
name = "asgiref"
version = "3.11.0"
source = { registry = "https://pypi.org/simple" }
sdist = { url = "https://files.pythonhosted.org/packages/76/b9/4db2509eabd14b4a8c71d1b24c8d5734c52b8560a7b1e1a8b56c8d25568b/asgiref-3.11.0.tar.gz", hash = "sha256:13acff32519542a1736223fb79a715acdebe24286d98e8b164a73085f40da2c4", size = 37969, upload-time = "2025-11-19T15:32:20.106Z" }
wheels = [
    { url = "https://files.pythonhosted.org/packages/91/be/317c2c55b8bbec407257d45f5c8d1b6867abc76d12043f2d3d58c538a4ea/asgiref-3.11.0-py3-none-any.whl", hash = "sha256:1db9021efadb0d9512ce8ffaf72fcef601c7b73a8807a1bb2ef143dc6b14846d", size = 24096, upload-time = "2025-11-19T15:32:19.004Z" },
]

[[package]]
name = "backend"
version = "0.1.0"
source = { virtual = "." }
dependencies = [
    { name = "django" },
    { name = "django-components" },
    { name = "django-environ" },
    { name = "django-htmx" },
    { name = "django-jazzmin" },
    { name = "django-nepali-datetime-field" },
    { name = "django-phonenumber-field", extra = ["phonenumbers"] },
    { name = "gunicorn" },
    { name = "mysqlclient" },
    { name = "psycopg2-binary" },
    { name = "whitenoise" },
]

[package.dev-dependencies]
dev = [
    { name = "ruff" },
]

[package.metadata]
requires-dist = [
    { name = "django" },
    { name = "django-components", specifier = ">=0.143.2" },
    { name = "django-environ" },
    { name = "django-htmx", specifier = ">=1.27.0" },
    { name = "django-jazzmin" },
    { name = "django-nepali-datetime-field", specifier = ">=0.8.0" },
    { name = "django-phonenumber-field", extras = ["phonenumbers"], specifier = ">=8.4.0" },
    { name = "gunicorn" },
    { name = "mysqlclient" },
    { name = "psycopg2-binary" },
    { name = "whitenoise" },
]

[package.metadata.requires-dev]
dev = [{ name = "ruff", specifier = ">=0.14.8" }]

[[package]]
name = "django"
version = "6.0"
source = { registry = "https://pypi.org/simple" }
dependencies = [
    { name = "asgiref" },
    { name = "sqlparse" },
    { name = "tzdata", marker = "sys_platform == 'win32'" },
]
sdist = { url = "https://files.pythonhosted.org/packages/15/75/19762bfc4ea556c303d9af8e36f0cd910ab17dff6c8774644314427a2120/django-6.0.tar.gz", hash = "sha256:7b0c1f50c0759bbe6331c6a39c89ae022a84672674aeda908784617ef47d8e26", size = 10932418, upload-time = "2025-12-03T16:26:21.878Z" }
wheels = [
    { url = "https://files.pythonhosted.org/packages/d7/ae/f19e24789a5ad852670d6885f5480f5e5895576945fcc01817dfd9bc002a/django-6.0-py3-none-any.whl", hash = "sha256:1cc2c7344303bbfb7ba5070487c17f7fc0b7174bbb0a38cebf03c675f5f19b6d", size = 8339181, upload-time = "2025-12-03T16:26:16.231Z" },
]

[[package]]
name = "django-components"
version = "0.143.2"
source = { registry = "https://pypi.org/simple" }
dependencies = [
    { name = "django" },
    { name = "djc-core-html-parser" },
    { name = "typing-extensions" },
]
sdist = { url = "https://files.pythonhosted.org/packages/a1/37/364587a54582c24a5c2f6731812b766a7cec2ec05213f7b616feaa599ce1/django_components-0.143.2.tar.gz", hash = "sha256:32f639da82d68a794b6b3a153dc9e1ae01a8fb62d83b7e200a374199962fe664", size = 214222, upload-time = "2025-11-12T16:08:09.709Z" }
wheels = [
    { url = "https://files.pythonhosted.org/packages/33/f7/625f4bd3f0da75a74692bdcbee9d93a09079c5985569982a811778527660/django_components-0.143.2-py3-none-any.whl", hash = "sha256:12bd066fa407e26b948e51a7c7d8d4d308e6fefb6e09e99c9147f9fc96d4a968", size = 234874, upload-time = "2025-11-12T16:08:08.158Z" },
]

[[package]]
name = "django-environ"
version = "0.12.0"
source = { registry = "https://pypi.org/simple" }
sdist = { url = "https://files.pythonhosted.org/packages/d6/04/65d2521842c42f4716225f20d8443a50804920606aec018188bbee30a6b0/django_environ-0.12.0.tar.gz", hash = "sha256:227dc891453dd5bde769c3449cf4a74b6f2ee8f7ab2361c93a07068f4179041a", size = 56804, upload-time = "2025-01-13T17:03:37.74Z" }
wheels = [
    { url = "https://files.pythonhosted.org/packages/83/b3/0a3bec4ecbfee960f39b1842c2f91e4754251e0a6ed443db9fe3f666ba8f/django_environ-0.12.0-py2.py3-none-any.whl", hash = "sha256:92fb346a158abda07ffe6eb23135ce92843af06ecf8753f43adf9d2366dcc0ca", size = 19957, upload-time = "2025-01-13T17:03:32.918Z" },
]

[[package]]
name = "django-htmx"
version = "1.27.0"
source = { registry = "https://pypi.org/simple" }
dependencies = [
    { name = "asgiref" },
    { name = "django" },
]
sdist = { url = "https://files.pythonhosted.org/packages/34/f2/8c3e28a5eed8e5226835c762892bfef74eda7e8629c65b49c186098eb303/django_htmx-1.27.0.tar.gz", hash = "sha256:036e5da801bfdf5f1ca815f21592cfb9f004a898f330c842f15e55c70e301a75", size = 65362, upload-time = "2025-11-28T23:18:55.049Z" }
wheels = [
    { url = "https://files.pythonhosted.org/packages/23/ac/25d28489dc43224e260f4ebee7565f7ef1efe12af0f284a89500c19f75e2/django_htmx-1.27.0-py3-none-any.whl", hash = "sha256:13e1e13b87d39b57f95aae6e4987cb3df056d0b1373a41f4a94504a00298ffd8", size = 62126, upload-time = "2025-11-28T23:18:53.57Z" },
]

[[package]]
name = "django-jazzmin"
version = "3.0.1"
source = { registry = "https://pypi.org/simple" }
dependencies = [
    { name = "django" },
]
sdist = { url = "https://files.pythonhosted.org/packages/84/96/21b6255e90d92a3eb4e93bea9376635d54258e0353ebb913a55e40ae9254/django_jazzmin-3.0.1.tar.gz", hash = "sha256:67ae148bade41267a09ca8e4352ddefa6121795ebbac238bb9a6564ff841eb1b", size = 2053550, upload-time = "2024-10-08T17:40:59.771Z" }
wheels = [
    { url = "https://files.pythonhosted.org/packages/ad/5b/2f8c4b168e6c41bf1e4b14d787deb23d80f618f0693db913bbe208a4a907/django_jazzmin-3.0.1-py3-none-any.whl", hash = "sha256:12a0a4c1d4fd09c2eef22acf6a1f03112b515ba695c59faa8ea80efc81c1f21b", size = 2125957, upload-time = "2024-10-08T17:40:57.359Z" },
]

[[package]]
name = "django-nepali-datetime-field"
version = "0.8.0"
source = { registry = "https://pypi.org/simple" }
dependencies = [
    { name = "django" },
    { name = "nepali-datetime" },
]
sdist = { url = "https://files.pythonhosted.org/packages/8f/2d/5f080338f4b5e2cddbf91c312491042a761dc62e75a39aeae1ff409f55df/django_nepali_datetime_field-0.8.0.tar.gz", hash = "sha256:00d69f5d5aa6ea64e2a9964d5ba6c489b0e51325aeb7029e1b18cc4a323894ae", size = 5735, upload-time = "2025-03-09T04:19:49.575Z" }
wheels = [
    { url = "https://files.pythonhosted.org/packages/15/fc/62ff130c5414a9030410673356d21e376e59cf045ecdabdef40aaf06f833/django_nepali_datetime_field-0.8.0-py3-none-any.whl", hash = "sha256:34eaab138856f69374db7af7274bafd7621224937feaf84a610e9d9872b52b37", size = 7696, upload-time = "2025-03-09T04:19:48.252Z" },
]

[[package]]
name = "django-phonenumber-field"
version = "8.4.0"
source = { registry = "https://pypi.org/simple" }
dependencies = [
    { name = "django" },
]
sdist = { url = "https://files.pythonhosted.org/packages/87/bf/8aa60c9834773b955dff1ddea842e361e8daaf6b0945d5bfc29fc66d53ab/django_phonenumber_field-8.4.0.tar.gz", hash = "sha256:2b83e843dac35eec6a69880a166487235b737a71a1e38c9a52e5ad67d6996083", size = 45512, upload-time = "2025-11-24T15:09:51.904Z" }
wheels = [
    { url = "https://files.pythonhosted.org/packages/8b/a3/f6b85a9246e22cf719752ad83f5e95aa9ba12419b2f9eff70f20d30e55df/django_phonenumber_field-8.4.0-py3-none-any.whl", hash = "sha256:7a1cb3a6456edb54d879f11ffa0acb227ded08c93b587035d0f28093f0e46511", size = 69528, upload-time = "2025-11-24T15:09:45.479Z" },
]

[package.optional-dependencies]
phonenumbers = [
    { name = "phonenumbers" },
]

[[package]]
name = "djc-core-html-parser"
version = "1.0.3"
source = { registry = "https://pypi.org/simple" }
sdist = { url = "https://files.pythonhosted.org/packages/e0/49/d44e902ae54815ba7c54f1437c19fd5897ba361a07653935154a30d5a6d1/djc_core_html_parser-1.0.3.tar.gz", hash = "sha256:735c556440d029739d82b6f69a4c152a2a352c9355166dd5778cc42e664d715f", size = 16928, upload-time = "2025-10-21T21:04:18.856Z" }
wheels = [
    { url = "https://files.pythonhosted.org/packages/15/66/710a097f7997da588f28e658811204b8d0b9476700ee5888430bce09edf9/djc_core_html_parser-1.0.3-cp313-cp313-macosx_10_12_x86_64.whl", hash = "sha256:dc52483ff89ca8ea138b644f523093a95b0acac728492ae77784964301d84d03", size = 253627, upload-time = "2025-10-21T21:03:39.782Z" },
    { url = "https://files.pythonhosted.org/packages/8d/ad/273e65089737d87b221161231bf4edda73d77cde1bbf5d11c6cfb94f9a5f/djc_core_html_parser-1.0.3-cp313-cp313-macosx_11_0_arm64.whl", hash = "sha256:415669c20919832759b7e18dffc79916afd9a6f18b9dabe3c05ff94ffc1994b7", size = 241088, upload-time = "2025-10-21T21:03:35.085Z" },
    { url = "https://files.pythonhosted.org/packages/be/7b/5e95f7292482740658df868af59a3cd810125b49d298305229406e472444/djc_core_html_parser-1.0.3-cp313-cp313-manylinux_2_17_aarch64.manylinux2014_aarch64.whl", hash = "sha256:1f45a8221bbf6d20707f39bd35ac1decc9bd80d3c38e3a6ed45bcb81343da9cc", size = 1017679, upload-time = "2025-10-21T21:02:37.414Z" },
    { url = "https://files.pythonhosted.org/packages/98/93/6213f4ae8df8e4e26d02ebebdf4884206693965d00304cf605f10dae7bb3/djc_core_html_parser-1.0.3-cp313-cp313-manylinux_2_17_armv7l.manylinux2014_armv7l.whl", hash = "sha256:2892382cbb6a0710d1e4a53bcce53d16517ec75f36a8e64afbe4d428c735691d", size = 1036931, upload-time = "2025-10-21T21:02:47.208Z" },
    { url = "https://files.pythonhosted.org/packages/2d/6a/6608180aef40a16e63da02d982a678543ce0874694cd26a88e2aeada9524/djc_core_html_parser-1.0.3-cp313-cp313-manylinux_2_17_ppc64le.manylinux2014_ppc64le.whl", hash = "sha256:e5fd86fb7fb9379ee9716381882fd0f8cfe022ed136aababcdbe35f37c691f6f", size = 1043742, upload-time = "2025-10-21T21:02:56.806Z" },
    { url = "https://files.pythonhosted.org/packages/1d/51/6631af42bfb49d49ea2f720ea886df6f8063af877cf5cc9373b894e546d3/djc_core_html_parser-1.0.3-cp313-cp313-manylinux_2_17_s390x.manylinux2014_s390x.whl", hash = "sha256:a552e76011dfccff1a0bed771fb70b0077c088128ab9786b341ce417623e9258", size = 1156896, upload-time = "2025-10-21T21:03:07.217Z" },
    { url = "https://files.pythonhosted.org/packages/e0/d8/e6232d038add5d3b2f7651cd8c881e140e0c28019bfdaf630870c64cd8d7/djc_core_html_parser-1.0.3-cp313-cp313-manylinux_2_17_x86_64.manylinux2014_x86_64.whl", hash = "sha256:467c348009ad4c065ecde94695b7df5fad8684fab05788017af803943ee84699", size = 1118553, upload-time = "2025-10-21T21:03:26.865Z" },
    { url = "https://files.pythonhosted.org/packages/c3/4e/19b1a81d49936174ca6608c97e3f7b02b3eca5b9ef32b71dab75e9aca22b/djc_core_html_parser-1.0.3-cp313-cp313-manylinux_2_5_i686.manylinux1_i686.whl", hash = "sha256:96d09066ab5b2b927bdcfb1f080b8fa8760588ed5bd55b6287a79fdb8e6a5bca", size = 1046462, upload-time = "2025-10-21T21:03:16.951Z" },
    { url = "https://files.pythonhosted.org/packages/f2/ee/55cd945dc6e70884e05e8b71f7413783c49eeb5cca4de228efdbf0c379df/djc_core_html_parser-1.0.3-cp313-cp313-musllinux_1_2_aarch64.whl", hash = "sha256:01a00fb36f0bc93c192a50b6ce9207abd384be5618e21657bc6ac05f20446fad", size = 1196148, upload-time = "2025-10-21T21:03:45.399Z" },
    { url = "https://files.pythonhosted.org/packages/a0/77/3cb362b6a92e5ceccf59aabd5e7a30cacd26065a08437c472629cb3ef599/djc_core_html_parser-1.0.3-cp313-cp313-musllinux_1_2_armv7l.whl", hash = "sha256:8239f507636f3d58dddb2dc6b139c9238ffb922b73e70480aa7828d3b8630731", size = 1298266, upload-time = "2025-10-21T21:03:54.76Z" },
    { url = "https://files.pythonhosted.org/packages/26/1f/8f7981f3661962194fef5860d865ccccb3560cecf9b64efc00c96ede7ec6/djc_core_html_parser-1.0.3-cp313-cp313-musllinux_1_2_i686.whl", hash = "sha256:5201233706afc996eacd9e90a1ed4d5a566866aecbb692a54d32028c8e61ed76", size = 1222693, upload-time = "2025-10-21T21:04:04.444Z" },
    { url = "https://files.pythonhosted.org/packages/a6/15/33d796ef2f0f6c837398df89e489cca500556bab672c6a4c666fd572083e/djc_core_html_parser-1.0.3-cp313-cp313-musllinux_1_2_x86_64.whl", hash = "sha256:b8989260e7b5d87d49248b2cc40ca81de960aeaa23e8edadedba535ee796a5c0", size = 1213523, upload-time = "2025-10-21T21:04:13.177Z" },
    { url = "https://files.pythonhosted.org/packages/c9/04/ccacbd6b9b92772f8bea880dcbac1b940da90c0f0499aa28bc14469b24c3/djc_core_html_parser-1.0.3-cp313-cp313-win_amd64.whl", hash = "sha256:7b66aaafb843a7848ce75ca0cfd025fb1c6e0f658548ee9654d919d695484c83", size = 139611, upload-time = "2025-10-21T21:04:22.254Z" },
    { url = "https://files.pythonhosted.org/packages/ea/ea/2897aea3a488240a9bfe49fb10ec9be17487ab138faeedb7ed3e6ad0edf2/djc_core_html_parser-1.0.3-cp313-cp313t-manylinux_2_17_aarch64.manylinux2014_aarch64.whl", hash = "sha256:5524faa9500c3286f4a2722549df48c9b76d47211e4804c79dccd2a553acb3b6", size = 1012642, upload-time = "2025-10-21T21:02:38.585Z" },
    { url = "https://files.pythonhosted.org/packages/80/b1/cc6720809aeaf813317f0a0febae01c8e933b51001138db110b0847a091d/djc_core_html_parser-1.0.3-cp313-cp313t-manylinux_2_17_armv7l.manylinux2014_armv7l.whl", hash = "sha256:7328ebabc8c596a7088dcb97ac6d94796978b7cbf6b14713ccf8ae4614aac1cb", size = 1033307, upload-time = "2025-10-21T21:02:48.244Z" },
    { url = "https://files.pythonhosted.org/packages/69/dd/06143394f22648fac420133e6df94e737e7fafabd9dbd7e762ec18c822f7/djc_core_html_parser-1.0.3-cp313-cp313t-manylinux_2_17_ppc64le.manylinux2014_ppc64le.whl", hash = "sha256:8898a54528b59433f4a0fc62198da90e02842b7072f549c09c95b0d2b69f95c2", size = 1038252, upload-time = "2025-10-21T21:02:58.216Z" },
    { url = "https://files.pythonhosted.org/packages/3a/26/00cc2f7a32e9284743d8f5a5bda8a57c9ddae09033f68bb6ccd1dd938d9e/djc_core_html_parser-1.0.3-cp313-cp313t-manylinux_2_17_s390x.manylinux2014_s390x.whl", hash = "sha256:7dbd87ae6aabfecbb9534091e75e0c6577a794f44da4a04c8b802138999f0b58", size = 1151074, upload-time = "2025-10-21T21:03:08.557Z" },
    { url = "https://files.pythonhosted.org/packages/b2/7d/4d1efe34f95d8dd3a987effb277027b8d7495d1de8206bc993573f426f5a/djc_core_html_parser-1.0.3-cp313-cp313t-musllinux_1_2_aarch64.whl", hash = "sha256:c8267af6c9804f63ce6bcb4c9bfdc32685fdbfe71ffb186b796e66ce7880e755", size = 1191226, upload-time = "2025-10-21T21:03:46.429Z" },
    { url = "https://files.pythonhosted.org/packages/55/8b/6461ceccf2c2483e4e30cc0b5f385b06b9d977fb28c5b40f5993e7a3381a/djc_core_html_parser-1.0.3-cp313-cp313t-musllinux_1_2_armv7l.whl", hash = "sha256:d6f7e17cd71fa03f9f87d161844ca91a4d15c96991af8a0e5a6ec7cbee3e32c7", size = 1294873, upload-time = "2025-10-21T21:03:55.799Z" },
    { url = "https://files.pythonhosted.org/packages/eb/ca/232136d192dc38feac3328de335f70b7103ca7f151c6fdba233447ff8dec/djc_core_html_parser-1.0.3-cp313-cp313t-musllinux_1_2_i686.whl", hash = "sha256:f4d7dc89387c97776f2e79c7d4ee60ef271c59ef90675579ca442dde4bf8b2f8", size = 1216961, upload-time = "2025-10-21T21:04:05.58Z" },
    { url = "https://files.pythonhosted.org/packages/46/bf/8e7b9f24831b1783120c40930a71a903c9b7fbe3b2579fac726f33dc6712/djc_core_html_parser-1.0.3-cp313-cp313t-musllinux_1_2_x86_64.whl", hash = "sha256:42978d265dc8931c93e5a62d2968108fe4999b236643e516178eecf83cb1f5c7", size = 1206724, upload-time = "2025-10-21T21:04:14.583Z" },
    { url = "https://files.pythonhosted.org/packages/aa/53/99cf18a29092270fc163961adb345d1239babbb3028a4053f3eecac65d99/djc_core_html_parser-1.0.3-cp314-cp314-macosx_10_12_x86_64.whl", hash = "sha256:fc7a451cd93f41670f625fa16cabd4d6fcf139167149a957c1dcf671304ac832", size = 253081, upload-time = "2025-10-21T21:03:40.723Z" },
    { url = "https://files.pythonhosted.org/packages/06/21/70914a36ea2953ebd4cc142af4d5362e4d89c7ba76685103e26e8b36e9c6/djc_core_html_parser-1.0.3-cp314-cp314-macosx_11_0_arm64.whl", hash = "sha256:99d536a8f2c75a8d25b8976f70a0dbb429983c61ff0db40b93c2c25f86ebed1d", size = 240690, upload-time = "2025-10-21T21:03:35.975Z" },
    { url = "https://files.pythonhosted.org/packages/0d/20/13964d9d7414d48779a899ca932a53822ecd6daa31a421663d45cd8a870c/djc_core_html_parser-1.0.3-cp314-cp314-manylinux_2_17_x86_64.manylinux2014_x86_64.whl", hash = "sha256:8f6578c8b7356bb6eef01a7b335e1cdedc589cabdd504ca473c178ea6866a925", size = 1116898, upload-time = "2025-10-21T21:03:28.306Z" },
    { url = "https://files.pythonhosted.org/packages/9f/58/18b0b8d9858778ea2f3891a2f96e580c8d85499bcd4469cf58f4f73888ea/djc_core_html_parser-1.0.3-cp314-cp314-manylinux_2_5_i686.manylinux1_i686.whl", hash = "sha256:b2a0f574c75ac6f92dd9138e0f0464e11e02d7ce9ff136227737c78bf44a04af", size = 1044211, upload-time = "2025-10-21T21:03:18.287Z" },
    { url = "https://files.pythonhosted.org/packages/cd/b9/2a0415a5a479d38ce0092bbc29a9177e69dfcc25af88e684b0e785e13d0d/djc_core_html_parser-1.0.3-cp314-cp314-win32.whl", hash = "sha256:3dabb5e14deb1278396744facaf2186fbbaa0770a569f0f8f2ed79b220d4df43", size = 134678, upload-time = "2025-10-21T21:04:24.932Z" },
    { url = "https://files.pythonhosted.org/packages/b0/f6/cfaf3bb275bc207135387a4eb39f0d1a198c9127780daf01267925e3e793/djc_core_html_parser-1.0.3-cp314-cp314-win_amd64.whl", hash = "sha256:6b01b01a6e073780a75d5bba4ae8c5fe60c66025a860c7ca17e9493b6fd18c83", size = 139356, upload-time = "2025-10-21T21:04:23.14Z" },
]

[[package]]
name = "gunicorn"
version = "23.0.0"
source = { registry = "https://pypi.org/simple" }
dependencies = [
    { name = "packaging" },
]
sdist = { url = "https://files.pythonhosted.org/packages/34/72/9614c465dc206155d93eff0ca20d42e1e35afc533971379482de953521a4/gunicorn-23.0.0.tar.gz", hash = "sha256:f014447a0101dc57e294f6c18ca6b40227a4c90e9bdb586042628030cba004ec", size = 375031, upload-time = "2024-08-10T20:25:27.378Z" }
wheels = [
    { url = "https://files.pythonhosted.org/packages/cb/7d/6dac2a6e1eba33ee43f318edbed4ff29151a49b5d37f080aad1e6469bca4/gunicorn-23.0.0-py3-none-any.whl", hash = "sha256:ec400d38950de4dfd418cff8328b2c8faed0edb0d517d3394e457c317908ca4d", size = 85029, upload-time = "2024-08-10T20:25:24.996Z" },
]

[[package]]
name = "mysqlclient"
version = "2.2.7"
source = { registry = "https://pypi.org/simple" }
sdist = { url = "https://files.pythonhosted.org/packages/61/68/810093cb579daae426794bbd9d88aa830fae296e85172d18cb0f0e5dd4bc/mysqlclient-2.2.7.tar.gz", hash = "sha256:24ae22b59416d5fcce7e99c9d37548350b4565baac82f95e149cac6ce4163845", size = 91383, upload-time = "2025-01-10T12:06:00.763Z" }
wheels = [
    { url = "https://files.pythonhosted.org/packages/29/01/e80141f1cd0459e4c9a5dd309dee135bbae41d6c6c121252fdd853001a8a/mysqlclient-2.2.7-cp313-cp313-win_amd64.whl", hash = "sha256:201a6faa301011dd07bca6b651fe5aaa546d7c9a5426835a06c3172e1056a3c5", size = 208000, upload-time = "2025-01-10T11:56:32.293Z" },
]

[[package]]
name = "nepali-datetime"
version = "1.0.8.4"
source = { registry = "https://pypi.org/simple" }
sdist = { url = "https://files.pythonhosted.org/packages/c9/49/ee387ca2e04fae93470baf5ae7468a05c76f662208ff9c01a30552cc77f6/nepali_datetime-1.0.8.4.tar.gz", hash = "sha256:933af0ae4545ee32bc2cdaeff40aa90c067f0f7c91908350371303c3dd976a6f", size = 20322, upload-time = "2025-05-10T20:39:05.187Z" }
wheels = [
    { url = "https://files.pythonhosted.org/packages/39/a9/e655df60bee3fa82c18be0ca007335690ac5058015e7a344fc8c20f20344/nepali_datetime-1.0.8.4-py3-none-any.whl", hash = "sha256:13e052447167f8836618b23cc43bb5f3b259380603defdbfe8efe125f06b8462", size = 18636, upload-time = "2025-05-10T20:39:03.955Z" },
]

[[package]]
name = "packaging"
version = "25.0"
source = { registry = "https://pypi.org/simple" }
sdist = { url = "https://files.pythonhosted.org/packages/a1/d4/1fc4078c65507b51b96ca8f8c3ba19e6a61c8253c72794544580a7b6c24d/packaging-25.0.tar.gz", hash = "sha256:d443872c98d677bf60f6a1f2f8c1cb748e8fe762d2bf9d3148b5599295b0fc4f", size = 165727, upload-time = "2025-04-19T11:48:59.673Z" }
wheels = [
    { url = "https://files.pythonhosted.org/packages/20/12/38679034af332785aac8774540895e234f4d07f7545804097de4b666afd8/packaging-25.0-py3-none-any.whl", hash = "sha256:29572ef2b1f17581046b3a2227d5c611fb25ec70ca1ba8554b24b0e69331a484", size = 66469, upload-time = "2025-04-19T11:48:57.875Z" },
]

[[package]]
name = "phonenumbers"
version = "9.0.20"
source = { registry = "https://pypi.org/simple" }
sdist = { url = "https://files.pythonhosted.org/packages/1b/2a/d6e7fecd1bcd37e65fbb9386e492082bd84e196c9cab14e39166b35cea4b/phonenumbers-9.0.20.tar.gz", hash = "sha256:849788eec8e5a9737a99c8b906d18a62d9fced6497ba7033784b6a7e4c89bb2d", size = 2298276, upload-time = "2025-12-05T12:03:51.072Z" }
wheels = [
    { url = "https://files.pythonhosted.org/packages/90/b0/e3fd0ae68bc51593ef6f77a44901d1fa14c1b230cdce848b50ed10881ca3/phonenumbers-9.0.20-py2.py3-none-any.whl", hash = "sha256:03bf5dd14891891284ba96f803d0e5e7e11b9306a0ec4fdf25756ada39eacb86", size = 2584219, upload-time = "2025-12-05T12:03:48.388Z" },
]

[[package]]
name = "psycopg2-binary"
version = "2.9.11"
source = { registry = "https://pypi.org/simple" }
sdist = { url = "https://files.pythonhosted.org/packages/ac/6c/8767aaa597ba424643dc87348c6f1754dd9f48e80fdc1b9f7ca5c3a7c213/psycopg2-binary-2.9.11.tar.gz", hash = "sha256:b6aed9e096bf63f9e75edf2581aa9a7e7186d97ab5c177aa6c87797cd591236c", size = 379620, upload-time = "2025-10-10T11:14:48.041Z" }
wheels = [
    { url = "https://files.pythonhosted.org/packages/ff/a8/a2709681b3ac11b0b1786def10006b8995125ba268c9a54bea6f5ae8bd3e/psycopg2_binary-2.9.11-cp313-cp313-macosx_10_13_x86_64.whl", hash = "sha256:b8fb3db325435d34235b044b199e56cdf9ff41223a4b9752e8576465170bb38c", size = 3756572, upload-time = "2025-10-10T11:12:32.873Z" },
    { url = "https://files.pythonhosted.org/packages/62/e1/c2b38d256d0dafd32713e9f31982a5b028f4a3651f446be70785f484f472/psycopg2_binary-2.9.11-cp313-cp313-macosx_11_0_arm64.whl", hash = "sha256:366df99e710a2acd90efed3764bb1e28df6c675d33a7fb40df9b7281694432ee", size = 3864529, upload-time = "2025-10-10T11:12:36.791Z" },
    { url = "https://files.pythonhosted.org/packages/11/32/b2ffe8f3853c181e88f0a157c5fb4e383102238d73c52ac6d93a5c8bffe6/psycopg2_binary-2.9.11-cp313-cp313-manylinux2014_aarch64.manylinux_2_17_aarch64.whl", hash = "sha256:8c55b385daa2f92cb64b12ec4536c66954ac53654c7f15a203578da4e78105c0", size = 4411242, upload-time = "2025-10-10T11:12:42.388Z" },
    { url = "https://files.pythonhosted.org/packages/10/04/6ca7477e6160ae258dc96f67c371157776564679aefd247b66f4661501a2/psycopg2_binary-2.9.11-cp313-cp313-manylinux2014_ppc64le.manylinux_2_17_ppc64le.whl", hash = "sha256:c0377174bf1dd416993d16edc15357f6eb17ac998244cca19bc67cdc0e2e5766", size = 4468258, upload-time = "2025-10-10T11:12:48.654Z" },
    { url = "https://files.pythonhosted.org/packages/3c/7e/6a1a38f86412df101435809f225d57c1a021307dd0689f7a5e7fe83588b1/psycopg2_binary-2.9.11-cp313-cp313-manylinux2014_x86_64.manylinux_2_17_x86_64.whl", hash = "sha256:5c6ff3335ce08c75afaed19e08699e8aacf95d4a260b495a4a8545244fe2ceb3", size = 4166295, upload-time = "2025-10-10T11:12:52.525Z" },
    { url = "https://files.pythonhosted.org/packages/f2/7d/c07374c501b45f3579a9eb761cbf2604ddef3d96ad48679112c2c5aa9c25/psycopg2_binary-2.9.11-cp313-cp313-manylinux_2_38_riscv64.manylinux_2_39_riscv64.whl", hash = "sha256:84011ba3109e06ac412f95399b704d3d6950e386b7994475b231cf61eec2fc1f", size = 3983133, upload-time = "2025-10-30T02:55:24.329Z" },
    { url = "https://files.pythonhosted.org/packages/82/56/993b7104cb8345ad7d4516538ccf8f0d0ac640b1ebd8c754a7b024e76878/psycopg2_binary-2.9.11-cp313-cp313-musllinux_1_2_aarch64.whl", hash = "sha256:ba34475ceb08cccbdd98f6b46916917ae6eeb92b5ae111df10b544c3a4621dc4", size = 3652383, upload-time = "2025-10-10T11:12:56.387Z" },
    { url = "https://files.pythonhosted.org/packages/2d/ac/eaeb6029362fd8d454a27374d84c6866c82c33bfc24587b4face5a8e43ef/psycopg2_binary-2.9.11-cp313-cp313-musllinux_1_2_ppc64le.whl", hash = "sha256:b31e90fdd0f968c2de3b26ab014314fe814225b6c324f770952f7d38abf17e3c", size = 3298168, upload-time = "2025-10-10T11:13:00.403Z" },
    { url = "https://files.pythonhosted.org/packages/2b/39/50c3facc66bded9ada5cbc0de867499a703dc6bca6be03070b4e3b65da6c/psycopg2_binary-2.9.11-cp313-cp313-musllinux_1_2_riscv64.whl", hash = "sha256:d526864e0f67f74937a8fce859bd56c979f5e2ec57ca7c627f5f1071ef7fee60", size = 3044712, upload-time = "2025-10-30T02:55:27.975Z" },
    { url = "https://files.pythonhosted.org/packages/9c/8e/b7de019a1f562f72ada81081a12823d3c1590bedc48d7d2559410a2763fe/psycopg2_binary-2.9.11-cp313-cp313-musllinux_1_2_x86_64.whl", hash = "sha256:04195548662fa544626c8ea0f06561eb6203f1984ba5b4562764fbeb4c3d14b1", size = 3347549, upload-time = "2025-10-10T11:13:03.971Z" },
    { url = "https://files.pythonhosted.org/packages/80/2d/1bb683f64737bbb1f86c82b7359db1eb2be4e2c0c13b947f80efefa7d3e5/psycopg2_binary-2.9.11-cp313-cp313-win_amd64.whl", hash = "sha256:efff12b432179443f54e230fdf60de1f6cc726b6c832db8701227d089310e8aa", size = 2714215, upload-time = "2025-10-10T11:13:07.14Z" },
    { url = "https://files.pythonhosted.org/packages/64/12/93ef0098590cf51d9732b4f139533732565704f45bdc1ffa741b7c95fb54/psycopg2_binary-2.9.11-cp314-cp314-macosx_10_13_x86_64.whl", hash = "sha256:92e3b669236327083a2e33ccfa0d320dd01b9803b3e14dd986a4fc54aa00f4e1", size = 3756567, upload-time = "2025-10-10T11:13:11.885Z" },
    { url = "https://files.pythonhosted.org/packages/7c/a9/9d55c614a891288f15ca4b5209b09f0f01e3124056924e17b81b9fa054cc/psycopg2_binary-2.9.11-cp314-cp314-macosx_11_0_arm64.whl", hash = "sha256:e0deeb03da539fa3577fcb0b3f2554a97f7e5477c246098dbb18091a4a01c16f", size = 3864755, upload-time = "2025-10-10T11:13:17.727Z" },
    { url = "https://files.pythonhosted.org/packages/13/1e/98874ce72fd29cbde93209977b196a2edae03f8490d1bd8158e7f1daf3a0/psycopg2_binary-2.9.11-cp314-cp314-manylinux2014_aarch64.manylinux_2_17_aarch64.whl", hash = "sha256:9b52a3f9bb540a3e4ec0f6ba6d31339727b2950c9772850d6545b7eae0b9d7c5", size = 4411646, upload-time = "2025-10-10T11:13:24.432Z" },
    { url = "https://files.pythonhosted.org/packages/5a/bd/a335ce6645334fb8d758cc358810defca14a1d19ffbc8a10bd38a2328565/psycopg2_binary-2.9.11-cp314-cp314-manylinux2014_ppc64le.manylinux_2_17_ppc64le.whl", hash = "sha256:db4fd476874ccfdbb630a54426964959e58da4c61c9feba73e6094d51303d7d8", size = 4468701, upload-time = "2025-10-10T11:13:29.266Z" },
    { url = "https://files.pythonhosted.org/packages/44/d6/c8b4f53f34e295e45709b7568bf9b9407a612ea30387d35eb9fa84f269b4/psycopg2_binary-2.9.11-cp314-cp314-manylinux2014_x86_64.manylinux_2_17_x86_64.whl", hash = "sha256:47f212c1d3be608a12937cc131bd85502954398aaa1320cb4c14421a0ffccf4c", size = 4166293, upload-time = "2025-10-10T11:13:33.336Z" },
    { url = "https://files.pythonhosted.org/packages/4b/e0/f8cc36eadd1b716ab36bb290618a3292e009867e5c97ce4aba908cb99644/psycopg2_binary-2.9.11-cp314-cp314-manylinux_2_38_riscv64.manylinux_2_39_riscv64.whl", hash = "sha256:e35b7abae2b0adab776add56111df1735ccc71406e56203515e228a8dc07089f", size = 3983184, upload-time = "2025-10-30T02:55:32.483Z" },
    { url = "https://files.pythonhosted.org/packages/53/3e/2a8fe18a4e61cfb3417da67b6318e12691772c0696d79434184a511906dc/psycopg2_binary-2.9.11-cp314-cp314-musllinux_1_2_aarch64.whl", hash = "sha256:fcf21be3ce5f5659daefd2b3b3b6e4727b028221ddc94e6c1523425579664747", size = 3652650, upload-time = "2025-10-10T11:13:38.181Z" },
    { url = "https://files.pythonhosted.org/packages/76/36/03801461b31b29fe58d228c24388f999fe814dfc302856e0d17f97d7c54d/psycopg2_binary-2.9.11-cp314-cp314-musllinux_1_2_ppc64le.whl", hash = "sha256:9bd81e64e8de111237737b29d68039b9c813bdf520156af36d26819c9a979e5f", size = 3298663, upload-time = "2025-10-10T11:13:44.878Z" },
    { url = "https://files.pythonhosted.org/packages/97/77/21b0ea2e1a73aa5fa9222b2a6b8ba325c43c3a8d54272839c991f2345656/psycopg2_binary-2.9.11-cp314-cp314-musllinux_1_2_riscv64.whl", hash = "sha256:32770a4d666fbdafab017086655bcddab791d7cb260a16679cc5a7338b64343b", size = 3044737, upload-time = "2025-10-30T02:55:35.69Z" },
    { url = "https://files.pythonhosted.org/packages/67/69/f36abe5f118c1dca6d3726ceae164b9356985805480731ac6712a63f24f0/psycopg2_binary-2.9.11-cp314-cp314-musllinux_1_2_x86_64.whl", hash = "sha256:c3cb3a676873d7506825221045bd70e0427c905b9c8ee8d6acd70cfcbd6e576d", size = 3347643, upload-time = "2025-10-10T11:13:53.499Z" },
    { url = "https://files.pythonhosted.org/packages/e1/36/9c0c326fe3a4227953dfb29f5d0c8ae3b8eb8c1cd2967aa569f50cb3c61f/psycopg2_binary-2.9.11-cp314-cp314-win_amd64.whl", hash = "sha256:4012c9c954dfaccd28f94e84ab9f94e12df76b4afb22331b1f0d3154893a6316", size = 2803913, upload-time = "2025-10-10T11:13:57.058Z" },
]

[[package]]
name = "ruff"
version = "0.14.8"
source = { registry = "https://pypi.org/simple" }
sdist = { url = "https://files.pythonhosted.org/packages/ed/d9/f7a0c4b3a2bf2556cd5d99b05372c29980249ef71e8e32669ba77428c82c/ruff-0.14.8.tar.gz", hash = "sha256:774ed0dd87d6ce925e3b8496feb3a00ac564bea52b9feb551ecd17e0a23d1eed", size = 5765385, upload-time = "2025-12-04T15:06:17.669Z" }
wheels = [
    { url = "https://files.pythonhosted.org/packages/48/b8/9537b52010134b1d2b72870cc3f92d5fb759394094741b09ceccae183fbe/ruff-0.14.8-py3-none-linux_armv6l.whl", hash = "sha256:ec071e9c82eca417f6111fd39f7043acb53cd3fde9b1f95bbed745962e345afb", size = 13441540, upload-time = "2025-12-04T15:06:14.896Z" },
    { url = "https://files.pythonhosted.org/packages/24/00/99031684efb025829713682012b6dd37279b1f695ed1b01725f85fd94b38/ruff-0.14.8-py3-none-macosx_10_12_x86_64.whl", hash = "sha256:8cdb162a7159f4ca36ce980a18c43d8f036966e7f73f866ac8f493b75e0c27e9", size = 13669384, upload-time = "2025-12-04T15:06:51.809Z" },
    { url = "https://files.pythonhosted.org/packages/72/64/3eb5949169fc19c50c04f28ece2c189d3b6edd57e5b533649dae6ca484fe/ruff-0.14.8-py3-none-macosx_11_0_arm64.whl", hash = "sha256:2e2fcbefe91f9fad0916850edf0854530c15bd1926b6b779de47e9ab619ea38f", size = 12806917, upload-time = "2025-12-04T15:06:08.925Z" },
    { url = "https://files.pythonhosted.org/packages/c4/08/5250babb0b1b11910f470370ec0cbc67470231f7cdc033cee57d4976f941/ruff-0.14.8-py3-none-manylinux_2_17_aarch64.manylinux2014_aarch64.whl", hash = "sha256:a9d70721066a296f45786ec31916dc287b44040f553da21564de0ab4d45a869b", size = 13256112, upload-time = "2025-12-04T15:06:23.498Z" },
    { url = "https://files.pythonhosted.org/packages/78/4c/6c588e97a8e8c2d4b522c31a579e1df2b4d003eddfbe23d1f262b1a431ff/ruff-0.14.8-py3-none-manylinux_2_17_armv7l.manylinux2014_armv7l.whl", hash = "sha256:2c87e09b3cd9d126fc67a9ecd3b5b1d3ded2b9c7fce3f16e315346b9d05cfb52", size = 13227559, upload-time = "2025-12-04T15:06:33.432Z" },
    { url = "https://files.pythonhosted.org/packages/23/ce/5f78cea13eda8eceac71b5f6fa6e9223df9b87bb2c1891c166d1f0dce9f1/ruff-0.14.8-py3-none-manylinux_2_17_i686.manylinux2014_i686.whl", hash = "sha256:1d62cb310c4fbcb9ee4ac023fe17f984ae1e12b8a4a02e3d21489f9a2a5f730c", size = 13896379, upload-time = "2025-12-04T15:06:02.687Z" },
    { url = "https://files.pythonhosted.org/packages/cf/79/13de4517c4dadce9218a20035b21212a4c180e009507731f0d3b3f5df85a/ruff-0.14.8-py3-none-manylinux_2_17_ppc64.manylinux2014_ppc64.whl", hash = "sha256:1af35c2d62633d4da0521178e8a2641c636d2a7153da0bac1b30cfd4ccd91344", size = 15372786, upload-time = "2025-12-04T15:06:29.828Z" },
    { url = "https://files.pythonhosted.org/packages/00/06/33df72b3bb42be8a1c3815fd4fae83fa2945fc725a25d87ba3e42d1cc108/ruff-0.14.8-py3-none-manylinux_2_17_ppc64le.manylinux2014_ppc64le.whl", hash = "sha256:25add4575ffecc53d60eed3f24b1e934493631b48ebbc6ebaf9d8517924aca4b", size = 14990029, upload-time = "2025-12-04T15:06:36.812Z" },
    { url = "https://files.pythonhosted.org/packages/64/61/0f34927bd90925880394de0e081ce1afab66d7b3525336f5771dcf0cb46c/ruff-0.14.8-py3-none-manylinux_2_17_s390x.manylinux2014_s390x.whl", hash = "sha256:4c943d847b7f02f7db4201a0600ea7d244d8a404fbb639b439e987edcf2baf9a", size = 14407037, upload-time = "2025-12-04T15:06:39.979Z" },
    { url = "https://files.pythonhosted.org/packages/96/bc/058fe0aefc0fbf0d19614cb6d1a3e2c048f7dc77ca64957f33b12cfdc5ef/ruff-0.14.8-py3-none-manylinux_2_17_x86_64.manylinux2014_x86_64.whl", hash = "sha256:cb6e8bf7b4f627548daa1b69283dac5a296bfe9ce856703b03130732e20ddfe2", size = 14102390, upload-time = "2025-12-04T15:06:46.372Z" },
    { url = "https://files.pythonhosted.org/packages/af/a4/e4f77b02b804546f4c17e8b37a524c27012dd6ff05855d2243b49a7d3cb9/ruff-0.14.8-py3-none-manylinux_2_31_riscv64.whl", hash = "sha256:7aaf2974f378e6b01d1e257c6948207aec6a9b5ba53fab23d0182efb887a0e4a", size = 14230793, upload-time = "2025-12-04T15:06:20.497Z" },
    { url = "https://files.pythonhosted.org/packages/3f/52/bb8c02373f79552e8d087cedaffad76b8892033d2876c2498a2582f09dcf/ruff-0.14.8-py3-none-musllinux_1_2_aarch64.whl", hash = "sha256:e5758ca513c43ad8a4ef13f0f081f80f08008f410790f3611a21a92421ab045b", size = 13160039, upload-time = "2025-12-04T15:06:49.06Z" },
    { url = "https://files.pythonhosted.org/packages/1f/ad/b69d6962e477842e25c0b11622548df746290cc6d76f9e0f4ed7456c2c31/ruff-0.14.8-py3-none-musllinux_1_2_armv7l.whl", hash = "sha256:f74f7ba163b6e85a8d81a590363bf71618847e5078d90827749bfda1d88c9cdf", size = 13205158, upload-time = "2025-12-04T15:06:54.574Z" },
    { url = "https://files.pythonhosted.org/packages/06/63/54f23da1315c0b3dfc1bc03fbc34e10378918a20c0b0f086418734e57e74/ruff-0.14.8-py3-none-musllinux_1_2_i686.whl", hash = "sha256:eed28f6fafcc9591994c42254f5a5c5ca40e69a30721d2ab18bb0bb3baac3ab6", size = 13469550, upload-time = "2025-12-04T15:05:59.209Z" },
    { url = "https://files.pythonhosted.org/packages/70/7d/a4d7b1961e4903bc37fffb7ddcfaa7beb250f67d97cfd1ee1d5cddb1ec90/ruff-0.14.8-py3-none-musllinux_1_2_x86_64.whl", hash = "sha256:21d48fa744c9d1cb8d71eb0a740c4dd02751a5de9db9a730a8ef75ca34cf138e", size = 14211332, upload-time = "2025-12-04T15:06:06.027Z" },
    { url = "https://files.pythonhosted.org/packages/5d/93/2a5063341fa17054e5c86582136e9895db773e3c2ffb770dde50a09f35f0/ruff-0.14.8-py3-none-win32.whl", hash = "sha256:15f04cb45c051159baebb0f0037f404f1dc2f15a927418f29730f411a79bc4e7", size = 13151890, upload-time = "2025-12-04T15:06:11.668Z" },
    { url = "https://files.pythonhosted.org/packages/02/1c/65c61a0859c0add13a3e1cbb6024b42de587456a43006ca2d4fd3d1618fe/ruff-0.14.8-py3-none-win_amd64.whl", hash = "sha256:9eeb0b24242b5bbff3011409a739929f497f3fb5fe3b5698aba5e77e8c833097", size = 14537826, upload-time = "2025-12-04T15:06:26.409Z" },
    { url = "https://files.pythonhosted.org/packages/6d/63/8b41cea3afd7f58eb64ac9251668ee0073789a3bc9ac6f816c8c6fef986d/ruff-0.14.8-py3-none-win_arm64.whl", hash = "sha256:965a582c93c63fe715fd3e3f8aa37c4b776777203d8e1d8aa3cc0c14424a4b99", size = 13634522, upload-time = "2025-12-04T15:06:43.212Z" },
]

[[package]]
name = "sqlparse"
version = "0.5.4"
source = { registry = "https://pypi.org/simple" }
sdist = { url = "https://files.pythonhosted.org/packages/18/67/701f86b28d63b2086de47c942eccf8ca2208b3be69715a1119a4e384415a/sqlparse-0.5.4.tar.gz", hash = "sha256:4396a7d3cf1cd679c1be976cf3dc6e0a51d0111e87787e7a8d780e7d5a998f9e", size = 120112, upload-time = "2025-11-28T07:10:18.377Z" }
wheels = [
    { url = "https://files.pythonhosted.org/packages/25/70/001ee337f7aa888fb2e3f5fd7592a6afc5283adb1ed44ce8df5764070f22/sqlparse-0.5.4-py3-none-any.whl", hash = "sha256:99a9f0314977b76d776a0fcb8554de91b9bb8a18560631d6bc48721d07023dcb", size = 45933, upload-time = "2025-11-28T07:10:19.73Z" },
]

[[package]]
name = "typing-extensions"
version = "4.15.0"
source = { registry = "https://pypi.org/simple" }
sdist = { url = "https://files.pythonhosted.org/packages/72/94/1a15dd82efb362ac84269196e94cf00f187f7ed21c242792a923cdb1c61f/typing_extensions-4.15.0.tar.gz", hash = "sha256:0cea48d173cc12fa28ecabc3b837ea3cf6f38c6d1136f85cbaaf598984861466", size = 109391, upload-time = "2025-08-25T13:49:26.313Z" }
wheels = [
    { url = "https://files.pythonhosted.org/packages/18/67/36e9267722cc04a6b9f15c7f3441c2363321a3ea07da7ae0c0707beb2a9c/typing_extensions-4.15.0-py3-none-any.whl", hash = "sha256:f0fa19c6845758ab08074a0cfa8b7aecb71c999ca73d62883bc25cc018c4e548", size = 44614, upload-time = "2025-08-25T13:49:24.86Z" },
]

[[package]]
name = "tzdata"
version = "2025.2"
source = { registry = "https://pypi.org/simple" }
sdist = { url = "https://files.pythonhosted.org/packages/95/32/1a225d6164441be760d75c2c42e2780dc0873fe382da3e98a2e1e48361e5/tzdata-2025.2.tar.gz", hash = "sha256:b60a638fcc0daffadf82fe0f57e53d06bdec2f36c4df66280ae79bce6bd6f2b9", size = 196380, upload-time = "2025-03-23T13:54:43.652Z" }
wheels = [
    { url = "https://files.pythonhosted.org/packages/5c/23/c7abc0ca0a1526a0774eca151daeb8de62ec457e77262b66b359c3c7679e/tzdata-2025.2-py2.py3-none-any.whl", hash = "sha256:1a403fada01ff9221ca8044d701868fa132215d84beb92242d9acd2147f667a8", size = 347839, upload-time = "2025-03-23T13:54:41.845Z" },
]

[[package]]
name = "whitenoise"
version = "6.11.0"
source = { registry = "https://pypi.org/simple" }
sdist = { url = "https://files.pythonhosted.org/packages/15/95/8c81ec6b6ebcbf8aca2de7603070ccf37dbb873b03f20708e0f7c1664bc6/whitenoise-6.11.0.tar.gz", hash = "sha256:0f5bfce6061ae6611cd9396a8231e088722e4fc67bc13a111be74c738d99375f", size = 26432, upload-time = "2025-09-18T09:16:10.995Z" }
wheels = [
    { url = "https://files.pythonhosted.org/packages/6c/e9/4366332f9295fe0647d7d3251ce18f5615fbcb12d02c79a26f8dba9221b3/whitenoise-6.11.0-py3-none-any.whl", hash = "sha256:b2aeb45950597236f53b5342b3121c5de69c8da0109362aee506ce88e022d258", size = 20197, upload-time = "2025-09-18T09:16:09.754Z" },
]
